
Microsoft Visual Studio Solution File, Format Version 12.00
# Visual Studio Version 17
VisualStudioVersion = 17.11.35303.130
MinimumVisualStudioVersion = 10.0.40219.1
Project("{FAE04EC0-301F-11D3-BF4B-00C04F79EFBC}") = "KampProject", "KampProject\KampProject.csproj", "{342B0E70-7C57-48D2-91D2-590D1A51296F}"
EndProject
Global
	GlobalSection(SolutionConfigurationPlatforms) = preSolution
		Debug|Any CPU = Debug|Any CPU
		Release|Any CPU = Release|Any CPU
	EndGlobalSection
	GlobalSection(ProjectConfigurationPlatforms) = postSolution
		{342B0E70-7C57-48D2-91D2-590D1A51296F}.Debug|Any CPU.ActiveCfg = Debug|Any CPU
		{342B0E70-7C57-48D2-91D2-590D1A51296F}.Debug|Any CPU.Build.0 = Debug|Any CPU
		{342B0E70-7C57-48D2-91D2-590D1A51296F}.Release|Any CPU.ActiveCfg = Release|Any CPU
		{342B0E70-7C57-48D2-91D2-590D1A51296F}.Release|Any CPU.Build.0 = Release|Any CPU
	EndGlobalSection
	GlobalSection(SolutionProperties) = preSolution
		HideSolutionNode = FALSE
	EndGlobalSection
	GlobalSection(ExtensibilityGlobals) = postSolution
		SolutionGuid = {36D4CD77-AADB-41EE-B995-EE55E580DB19}
	EndGlobalSection
EndGlobal
